
Microsoft Visual Studio Solution File, Format Version 12.00
# Visual Studio Version 16
VisualStudioVersion = 16.0.30503.244
MinimumVisualStudioVersion = 10.0.40219.1
Project("{9A19103F-16F7-4668-BE54-9A1E7A4F7556}") = "CaesarCipher", "CaesarCipher.csproj", "{5D08F6DC-0537-45AD-8ED6-EBC5FB9DE83F}"
EndProject
Global
	GlobalSection(SolutionConfigurationPlatforms) = preSolution
		Debug|Any CPU = Debug|Any CPU
		Release|Any CPU = Release|Any CPU
	EndGlobalSection
	GlobalSection(ProjectConfigurationPlatforms) = postSolution
		{5D08F6DC-0537-45AD-8ED6-EBC5FB9DE83F}.Debug|Any CPU.ActiveCfg = Debug|Any CPU
		{5D08F6DC-0537-45AD-8ED6-EBC5FB9DE83F}.Debug|Any CPU.Build.0 = Debug|Any CPU
		{5D08F6DC-0537-45AD-8ED6-EBC5FB9DE83F}.Release|Any CPU.ActiveCfg = Release|Any CPU
		{5D08F6DC-0537-45AD-8ED6-EBC5FB9DE83F}.Release|Any CPU.Build.0 = Release|Any CPU
	EndGlobalSection
	GlobalSection(SolutionProperties) = preSolution
		HideSolutionNode = FALSE
	EndGlobalSection
	GlobalSection(ExtensibilityGlobals) = postSolution
		SolutionGuid = {30F4D256-E3E2-4F4F-B497-2730BE1F8412}
	EndGlobalSection
EndGlobal
